
Microsoft Visual Studio Solution File, Format Version 12.00
# Visual Studio Version 16
VisualStudioVersion = 16.0.810.10
MinimumVisualStudioVersion = 10.0.40219.1
Project("{FAE04EC0-301F-11D3-BF4B-00C04F79EFBC}") = "oe_advanced_algorithms_assigment", "oe_advanced_algorithms_assigment\oe_advanced_algorithms_assigment.csproj", "{C29B97FA-649B-4C51-AF7C-C1F033E2B440}"
EndProject
Global
	GlobalSection(SolutionConfigurationPlatforms) = preSolution
		Debug|Any CPU = Debug|Any CPU
		Release|Any CPU = Release|Any CPU
	EndGlobalSection
	GlobalSection(ProjectConfigurationPlatforms) = postSolution
		{C29B97FA-649B-4C51-AF7C-C1F033E2B440}.Debug|Any CPU.ActiveCfg = Debug|Any CPU
		{C29B97FA-649B-4C51-AF7C-C1F033E2B440}.Debug|Any CPU.Build.0 = Debug|Any CPU
		{C29B97FA-649B-4C51-AF7C-C1F033E2B440}.Release|Any CPU.ActiveCfg = Release|Any CPU
		{C29B97FA-649B-4C51-AF7C-C1F033E2B440}.Release|Any CPU.Build.0 = Release|Any CPU
	EndGlobalSection
	GlobalSection(SolutionProperties) = preSolution
		HideSolutionNode = FALSE
	EndGlobalSection
	GlobalSection(ExtensibilityGlobals) = postSolution
		SolutionGuid = {0190A5DF-7857-4609-A03C-BA541BE2F896}
	EndGlobalSection
EndGlobal
